
Microsoft Visual Studio Solution File, Format Version 12.00
# Visual Studio 2013
VisualStudioVersion = 12.0.30501.0
MinimumVisualStudioVersion = 10.0.40219.1
Project("{2150E333-8FDC-42A3-9474-1A3956D46DE8}") = ".nuget", ".nuget", "{83DF26CD-D343-4207-A52C-E18601FFD9EA}"
	ProjectSection(SolutionItems) = preProject
		.nuget\packages.config = .nuget\packages.config
	EndProjectSection
EndProject
Project("{FAE04EC0-301F-11D3-BF4B-00C04F79EFBC}") = "BddVendasCSharp", "BddVendasCSharp\BddVendasCSharp.csproj", "{FE578607-6993-4A30-A6EF-206F7249F490}"
EndProject
Global
	GlobalSection(SolutionConfigurationPlatforms) = preSolution
		Debug|Any CPU = Debug|Any CPU
		Release|Any CPU = Release|Any CPU
	EndGlobalSection
	GlobalSection(ProjectConfigurationPlatforms) = postSolution
		{FE578607-6993-4A30-A6EF-206F7249F490}.Debug|Any CPU.ActiveCfg = Debug|Any CPU
		{FE578607-6993-4A30-A6EF-206F7249F490}.Debug|Any CPU.Build.0 = Debug|Any CPU
		{FE578607-6993-4A30-A6EF-206F7249F490}.Release|Any CPU.ActiveCfg = Release|Any CPU
		{FE578607-6993-4A30-A6EF-206F7249F490}.Release|Any CPU.Build.0 = Release|Any CPU
	EndGlobalSection
	GlobalSection(SolutionProperties) = preSolution
		HideSolutionNode = FALSE
	EndGlobalSection
EndGlobal
